
Microsoft Visual Studio Solution File, Format Version 12.00
# Visual Studio 15
VisualStudioVersion = 15.0.28010.2046
MinimumVisualStudioVersion = 10.0.40219.1
Project("{FAE04EC0-301F-11D3-BF4B-00C04F79EFBC}") = "MobileSchedule.Android", "MobileSchedule\MobileSchedule.Android\MobileSchedule.Android.csproj", "{FFFC36D3-21A7-49DC-923D-5A79779B7D82}"
EndProject
Project("{FAE04EC0-301F-11D3-BF4B-00C04F79EFBC}") = "MobileSchedule.iOS", "MobileSchedule\MobileSchedule.iOS\MobileSchedule.iOS.csproj", "{CF3DC8E3-6917-4A36-9C8F-218AA7F3400C}"
EndProject
Project("{9A19103F-16F7-4668-BE54-9A1E7A4F7556}") = "MobileSchedule", "MobileSchedule\MobileSchedule\MobileSchedule.csproj", "{4EF3CEB8-5C6B-4C5A-8554-94291401EFCA}"
EndProject
Global
	GlobalSection(SolutionConfigurationPlatforms) = preSolution
		Ad-Hoc|Any CPU = Ad-Hoc|Any CPU
		Ad-Hoc|iPhone = Ad-Hoc|iPhone
		Ad-Hoc|iPhoneSimulator = Ad-Hoc|iPhoneSimulator
		AppStore|Any CPU = AppStore|Any CPU
		AppStore|iPhone = AppStore|iPhone
		AppStore|iPhoneSimulator = AppStore|iPhoneSimulator
		Debug|Any CPU = Debug|Any CPU
		Debug|iPhone = Debug|iPhone
		Debug|iPhoneSimulator = Debug|iPhoneSimulator
		Release|Any CPU = Release|Any CPU
		Release|iPhone = Release|iPhone
		Release|iPhoneSimulator = Release|iPhoneSimulator
	EndGlobalSection
	GlobalSection(ProjectConfigurationPlatforms) = postSolution
		{FFFC36D3-21A7-49DC-923D-5A79779B7D82}.Ad-Hoc|Any CPU.ActiveCfg = Release|Any CPU
		{FFFC36D3-21A7-49DC-923D-5A79779B7D82}.Ad-Hoc|Any CPU.Build.0 = Release|Any CPU
		{FFFC36D3-21A7-49DC-923D-5A79779B7D82}.Ad-Hoc|Any CPU.Deploy.0 = Release|Any CPU
		{FFFC36D3-21A7-49DC-923D-5A79779B7D82}.Ad-Hoc|iPhone.ActiveCfg = Release|Any CPU
		{FFFC36D3-21A7-49DC-923D-5A79779B7D82}.Ad-Hoc|iPhone.Build.0 = Release|Any CPU
		{FFFC36D3-21A7-49DC-923D-5A79779B7D82}.Ad-Hoc|iPhone.Deploy.0 = Release|Any CPU
		{FFFC36D3-21A7-49DC-923D-5A79779B7D82}.Ad-Hoc|iPhoneSimulator.ActiveCfg = Release|Any CPU
		{FFFC36D3-21A7-49DC-923D-5A79779B7D82}.Ad-Hoc|iPhoneSimulator.Build.0 = Release|Any CPU
		{FFFC36D3-21A7-49DC-923D-5A79779B7D82}.Ad-Hoc|iPhoneSimulator.Deploy.0 = Release|Any CPU
		{FFFC36D3-21A7-49DC-923D-5A79779B7D82}.AppStore|Any CPU.ActiveCfg = Release|Any CPU
		{FFFC36D3-21A7-49DC-923D-5A79779B7D82}.AppStore|Any CPU.Build.0 = Release|Any CPU
		{FFFC36D3-21A7-49DC-923D-5A79779B7D82}.AppStore|Any CPU.Deploy.0 = Release|Any CPU
		{FFFC36D3-21A7-49DC-923D-5A79779B7D82}.AppStore|iPhone.ActiveCfg = Release|Any CPU
		{FFFC36D3-21A7-49DC-923D-5A79779B7D82}.AppStore|iPhone.Build.0 = Release|Any CPU
		{FFFC36D3-21A7-49DC-923D-5A79779B7D82}.AppStore|iPhone.Deploy.0 = Release|Any CPU
		{FFFC36D3-21A7-49DC-923D-5A79779B7D82}.AppStore|iPhoneSimulator.ActiveCfg = Release|Any CPU
		{FFFC36D3-21A7-49DC-923D-5A79779B7D82}.AppStore|iPhoneSimulator.Build.0 = Release|Any CPU
		{FFFC36D3-21A7-49DC-923D-5A79779B7D82}.AppStore|iPhoneSimulator.Deploy.0 = Release|Any CPU
		{FFFC36D3-21A7-49DC-923D-5A79779B7D82}.Debug|Any CPU.ActiveCfg = Debug|Any CPU
		{FFFC36D3-21A7-49DC-923D-5A79779B7D82}.Debug|Any CPU.Build.0 = Debug|Any CPU
		{FFFC36D3-21A7-49DC-923D-5A79779B7D82}.Debug|Any CPU.Deploy.0 = Debug|Any CPU
		{FFFC36D3-21A7-49DC-923D-5A79779B7D82}.Debug|iPhone.ActiveCfg = Debug|Any CPU
		{FFFC36D3-21A7-49DC-923D-5A79779B7D82}.Debug|iPhone.Build.0 = Debug|Any CPU
		{FFFC36D3-21A7-49DC-923D-5A79779B7D82}.Debug|iPhone.Deploy.0 = Debug|Any CPU
		{FFFC36D3-21A7-49DC-923D-5A79779B7D82}.Debug|iPhoneSimulator.ActiveCfg = Debug|Any CPU
		{FFFC36D3-21A7-49DC-923D-5A79779B7D82}.Debug|iPhoneSimulator.Build.0 = Debug|Any CPU
		{FFFC36D3-21A7-49DC-923D-5A79779B7D82}.Debug|iPhoneSimulator.Deploy.0 = Debug|Any CPU
		{FFFC36D3-21A7-49DC-923D-5A79779B7D82}.Release|Any CPU.ActiveCfg = Release|Any CPU
		{FFFC36D3-21A7-49DC-923D-5A79779B7D82}.Release|Any CPU.Build.0 = Release|Any CPU
		{FFFC36D3-21A7-49DC-923D-5A79779B7D82}.Release|Any CPU.Deploy.0 = Release|Any CPU
		{FFFC36D3-21A7-49DC-923D-5A79779B7D82}.Release|iPhone.ActiveCfg = Release|Any CPU
		{FFFC36D3-21A7-49DC-923D-5A79779B7D82}.Release|iPhone.Build.0 = Release|Any CPU
		{FFFC36D3-21A7-49DC-923D-5A79779B7D82}.Release|iPhone.Deploy.0 = Release|Any CPU
		{FFFC36D3-21A7-49DC-923D-5A79779B7D82}.Release|iPhoneSimulator.ActiveCfg = Release|Any CPU
		{FFFC36D3-21A7-49DC-923D-5A79779B7D82}.Release|iPhoneSimulator.Build.0 = Release|Any CPU
		{FFFC36D3-21A7-49DC-923D-5A79779B7D82}.Release|iPhoneSimulator.Deploy.0 = Release|Any CPU
		{CF3DC8E3-6917-4A36-9C8F-218AA7F3400C}.Ad-Hoc|Any CPU.ActiveCfg = Ad-Hoc|iPhone
		{CF3DC8E3-6917-4A36-9C8F-218AA7F3400C}.Ad-Hoc|Any CPU.Build.0 = Ad-Hoc|iPhone
		{CF3DC8E3-6917-4A36-9C8F-218AA7F3400C}.Ad-Hoc|Any CPU.Deploy.0 = Ad-Hoc|iPhone
		{CF3DC8E3-6917-4A36-9C8F-218AA7F3400C}.Ad-Hoc|iPhone.ActiveCfg = Ad-Hoc|iPhone
		{CF3DC8E3-6917-4A36-9C8F-218AA7F3400C}.Ad-Hoc|iPhone.Build.0 = Ad-Hoc|iPhone
		{CF3DC8E3-6917-4A36-9C8F-218AA7F3400C}.Ad-Hoc|iPhone.Deploy.0 = Ad-Hoc|iPhone
		{CF3DC8E3-6917-4A36-9C8F-218AA7F3400C}.Ad-Hoc|iPhoneSimulator.ActiveCfg = Ad-Hoc|iPhoneSimulator
		{CF3DC8E3-6917-4A36-9C8F-218AA7F3400C}.Ad-Hoc|iPhoneSimulator.Build.0 = Ad-Hoc|iPhoneSimulator
		{CF3DC8E3-6917-4A36-9C8F-218AA7F3400C}.Ad-Hoc|iPhoneSimulator.Deploy.0 = Ad-Hoc|iPhoneSimulator
		{CF3DC8E3-6917-4A36-9C8F-218AA7F3400C}.AppStore|Any CPU.ActiveCfg = AppStore|iPhone
		{CF3DC8E3-6917-4A36-9C8F-218AA7F3400C}.AppStore|Any CPU.Build.0 = AppStore|iPhone
		{CF3DC8E3-6917-4A36-9C8F-218AA7F3400C}.AppStore|Any CPU.Deploy.0 = AppStore|iPhone
		{CF3DC8E3-6917-4A36-9C8F-218AA7F3400C}.AppStore|iPhone.ActiveCfg = AppStore|iPhone
		{CF3DC8E3-6917-4A36-9C8F-218AA7F3400C}.AppStore|iPhone.Build.0 = AppStore|iPhone
		{CF3DC8E3-6917-4A36-9C8F-218AA7F3400C}.AppStore|iPhone.Deploy.0 = AppStore|iPhone
		{CF3DC8E3-6917-4A36-9C8F-218AA7F3400C}.AppStore|iPhoneSimulator.ActiveCfg = AppStore|iPhoneSimulator
		{CF3DC8E3-6917-4A36-9C8F-218AA7F3400C}.AppStore|iPhoneSimulator.Build.0 = AppStore|iPhoneSimulator
		{CF3DC8E3-6917-4A36-9C8F-218AA7F3400C}.AppStore|iPhoneSimulator.Deploy.0 = AppStore|iPhoneSimulator
		{CF3DC8E3-6917-4A36-9C8F-218AA7F3400C}.Debug|Any CPU.ActiveCfg = Debug|iPhoneSimulator
		{CF3DC8E3-6917-4A36-9C8F-218AA7F3400C}.Debug|Any CPU.Build.0 = Debug|iPhoneSimulator
		{CF3DC8E3-6917-4A36-9C8F-218AA7F3400C}.Debug|Any CPU.Deploy.0 = Debug|iPhoneSimulator
		{CF3DC8E3-6917-4A36-9C8F-218AA7F3400C}.Debug|iPhone.ActiveCfg = Debug|iPhone
		{CF3DC8E3-6917-4A36-9C8F-218AA7F3400C}.Debug|iPhone.Build.0 = Debug|iPhone
		{CF3DC8E3-6917-4A36-9C8F-218AA7F3400C}.Debug|iPhone.Deploy.0 = Debug|iPhone
		{CF3DC8E3-6917-4A36-9C8F-218AA7F3400C}.Debug|iPhoneSimulator.ActiveCfg = Debug|iPhoneSimulator
		{CF3DC8E3-6917-4A36-9C8F-218AA7F3400C}.Debug|iPhoneSimulator.Build.0 = Debug|iPhoneSimulator
		{CF3DC8E3-6917-4A36-9C8F-218AA7F3400C}.Debug|iPhoneSimulator.Deploy.0 = Debug|iPhoneSimulator
		{CF3DC8E3-6917-4A36-9C8F-218AA7F3400C}.Release|Any CPU.ActiveCfg = Release|iPhone
		{CF3DC8E3-6917-4A36-9C8F-218AA7F3400C}.Release|Any CPU.Build.0 = Release|iPhone
		{CF3DC8E3-6917-4A36-9C8F-218AA7F3400C}.Release|Any CPU.Deploy.0 = Release|iPhone
		{CF3DC8E3-6917-4A36-9C8F-218AA7F3400C}.Release|iPhone.ActiveCfg = Release|iPhone
		{CF3DC8E3-6917-4A36-9C8F-218AA7F3400C}.Release|iPhone.Build.0 = Release|iPhone
		{CF3DC8E3-6917-4A36-9C8F-218AA7F3400C}.Release|iPhone.Deploy.0 = Release|iPhone
		{CF3DC8E3-6917-4A36-9C8F-218AA7F3400C}.Release|iPhoneSimulator.ActiveCfg = Release|iPhoneSimulator
		{CF3DC8E3-6917-4A36-9C8F-218AA7F3400C}.Release|iPhoneSimulator.Build.0 = Release|iPhoneSimulator
		{CF3DC8E3-6917-4A36-9C8F-218AA7F3400C}.Release|iPhoneSimulator.Deploy.0 = Release|iPhoneSimulator
		{4EF3CEB8-5C6B-4C5A-8554-94291401EFCA}.Ad-Hoc|Any CPU.ActiveCfg = Debug|Any CPU
		{4EF3CEB8-5C6B-4C5A-8554-94291401EFCA}.Ad-Hoc|Any CPU.Build.0 = Debug|Any CPU
		{4EF3CEB8-5C6B-4C5A-8554-94291401EFCA}.Ad-Hoc|Any CPU.Deploy.0 = Debug|Any CPU
		{4EF3CEB8-5C6B-4C5A-8554-94291401EFCA}.Ad-Hoc|iPhone.ActiveCfg = Debug|Any CPU
		{4EF3CEB8-5C6B-4C5A-8554-94291401EFCA}.Ad-Hoc|iPhone.Build.0 = Debug|Any CPU
		{4EF3CEB8-5C6B-4C5A-8554-94291401EFCA}.Ad-Hoc|iPhone.Deploy.0 = Debug|Any CPU
		{4EF3CEB8-5C6B-4C5A-8554-94291401EFCA}.Ad-Hoc|iPhoneSimulator.ActiveCfg = Debug|Any CPU
		{4EF3CEB8-5C6B-4C5A-8554-94291401EFCA}.Ad-Hoc|iPhoneSimulator.Build.0 = Debug|Any CPU
		{4EF3CEB8-5C6B-4C5A-8554-94291401EFCA}.Ad-Hoc|iPhoneSimulator.Deploy.0 = Debug|Any CPU
		{4EF3CEB8-5C6B-4C5A-8554-94291401EFCA}.AppStore|Any CPU.ActiveCfg = Debug|Any CPU
		{4EF3CEB8-5C6B-4C5A-8554-94291401EFCA}.AppStore|Any CPU.Build.0 = Debug|Any CPU
		{4EF3CEB8-5C6B-4C5A-8554-94291401EFCA}.AppStore|Any CPU.Deploy.0 = Debug|Any CPU
		{4EF3CEB8-5C6B-4C5A-8554-94291401EFCA}.AppStore|iPhone.ActiveCfg = Debug|Any CPU
		{4EF3CEB8-5C6B-4C5A-8554-94291401EFCA}.AppStore|iPhone.Build.0 = Debug|Any CPU
		{4EF3CEB8-5C6B-4C5A-8554-94291401EFCA}.AppStore|iPhone.Deploy.0 = Debug|Any CPU
		{4EF3CEB8-5C6B-4C5A-8554-94291401EFCA}.AppStore|iPhoneSimulator.ActiveCfg = Debug|Any CPU
		{4EF3CEB8-5C6B-4C5A-8554-94291401EFCA}.AppStore|iPhoneSimulator.Build.0 = Debug|Any CPU
		{4EF3CEB8-5C6B-4C5A-8554-94291401EFCA}.AppStore|iPhoneSimulator.Deploy.0 = Debug|Any CPU
		{4EF3CEB8-5C6B-4C5A-8554-94291401EFCA}.Debug|Any CPU.ActiveCfg = Debug|Any CPU
		{4EF3CEB8-5C6B-4C5A-8554-94291401EFCA}.Debug|Any CPU.Build.0 = Debug|Any CPU
		{4EF3CEB8-5C6B-4C5A-8554-94291401EFCA}.Debug|Any CPU.Deploy.0 = Debug|Any CPU
		{4EF3CEB8-5C6B-4C5A-8554-94291401EFCA}.Debug|iPhone.ActiveCfg = Debug|Any CPU
		{4EF3CEB8-5C6B-4C5A-8554-94291401EFCA}.Debug|iPhone.Build.0 = Debug|Any CPU
		{4EF3CEB8-5C6B-4C5A-8554-94291401EFCA}.Debug|iPhone.Deploy.0 = Debug|Any CPU
		{4EF3CEB8-5C6B-4C5A-8554-94291401EFCA}.Debug|iPhoneSimulator.ActiveCfg = Debug|Any CPU
		{4EF3CEB8-5C6B-4C5A-8554-94291401EFCA}.Debug|iPhoneSimulator.Build.0 = Debug|Any CPU
		{4EF3CEB8-5C6B-4C5A-8554-94291401EFCA}.Debug|iPhoneSimulator.Deploy.0 = Debug|Any CPU
		{4EF3CEB8-5C6B-4C5A-8554-94291401EFCA}.Release|Any CPU.ActiveCfg = Release|Any CPU
		{4EF3CEB8-5C6B-4C5A-8554-94291401EFCA}.Release|Any CPU.Build.0 = Release|Any CPU
		{4EF3CEB8-5C6B-4C5A-8554-94291401EFCA}.Release|Any CPU.Deploy.0 = Release|Any CPU
		{4EF3CEB8-5C6B-4C5A-8554-94291401EFCA}.Release|iPhone.ActiveCfg = Release|Any CPU
		{4EF3CEB8-5C6B-4C5A-8554-94291401EFCA}.Release|iPhone.Build.0 = Release|Any CPU
		{4EF3CEB8-5C6B-4C5A-8554-94291401EFCA}.Release|iPhone.Deploy.0 = Release|Any CPU
		{4EF3CEB8-5C6B-4C5A-8554-94291401EFCA}.Release|iPhoneSimulator.ActiveCfg = Release|Any CPU
		{4EF3CEB8-5C6B-4C5A-8554-94291401EFCA}.Release|iPhoneSimulator.Build.0 = Release|Any CPU
		{4EF3CEB8-5C6B-4C5A-8554-94291401EFCA}.Release|iPhoneSimulator.Deploy.0 = Release|Any CPU
	EndGlobalSection
	GlobalSection(SolutionProperties) = preSolution
		HideSolutionNode = FALSE
	EndGlobalSection
	GlobalSection(ExtensibilityGlobals) = postSolution
		SolutionGuid = {C5BF6E86-B5A1-4E0A-9F66-698A58D249AC}
	EndGlobalSection
EndGlobal
